
Microsoft Visual Studio Solution File, Format Version 12.00
# Visual Studio Version 16
VisualStudioVersion = 16.0.32630.194
MinimumVisualStudioVersion = 10.0.40219.1
Project("{FAE04EC0-301F-11D3-BF4B-00C04F79EFBC}") = "HelloWorld", "HelloWorld\HelloWorld.csproj", "{CF9A1E58-053F-458A-87F8-404C5184AA89}"
EndProject
Global
	GlobalSection(SolutionConfigurationPlatforms) = preSolution
		Debug|Any CPU = Debug|Any CPU
		Release|Any CPU = Release|Any CPU
	EndGlobalSection
	GlobalSection(ProjectConfigurationPlatforms) = postSolution
		{CF9A1E58-053F-458A-87F8-404C5184AA89}.Debug|Any CPU.ActiveCfg = Debug|Any CPU
		{CF9A1E58-053F-458A-87F8-404C5184AA89}.Debug|Any CPU.Build.0 = Debug|Any CPU
		{CF9A1E58-053F-458A-87F8-404C5184AA89}.Release|Any CPU.ActiveCfg = Release|Any CPU
		{CF9A1E58-053F-458A-87F8-404C5184AA89}.Release|Any CPU.Build.0 = Release|Any CPU
	EndGlobalSection
	GlobalSection(SolutionProperties) = preSolution
		HideSolutionNode = FALSE
	EndGlobalSection
	GlobalSection(ExtensibilityGlobals) = postSolution
		SolutionGuid = {06EE1E04-CD95-44DB-8CFB-4EFA69E136D9}
	EndGlobalSection
EndGlobal
